
Microsoft Visual Studio Solution File, Format Version 12.00
# Visual Studio Version 17
VisualStudioVersion = 17.0.31903.59
MinimumVisualStudioVersion = 10.0.40219.1
Project("{2150E333-8FDC-42A3-9474-1A3956D46DE8}") = "src", "src", "{827E0CD3-B72D-47B6-A68D-7590B98EB39B}"
EndProject
Project("{FAE04EC0-301F-11D3-BF4B-00C04F79EFBC}") = "Blog.Api.Functions", "src\Blog.Api.Functions\Blog.Api.Functions.csproj", "{8AFDD4DE-593F-4FF6-94DE-A6FE7470C40B}"
EndProject
Project("{FAE04EC0-301F-11D3-BF4B-00C04F79EFBC}") = "Blog.Api.Domain", "src\Blog.Api.Domain\Blog.Api.Domain.csproj", "{89BDAA22-153D-475D-B1F2-B65CDEABC864}"
EndProject
Project("{FAE04EC0-301F-11D3-BF4B-00C04F79EFBC}") = "Blog.Api.Core", "src\Blog.Api.Core\Blog.Api.Core.csproj", "{8C98397F-71B5-4546-B4A8-EF29EF7AF5EE}"
EndProject
Project("{FAE04EC0-301F-11D3-BF4B-00C04F79EFBC}") = "Blog.Api.Infrastructure", "src\Blog.Api.Infrastructure\Blog.Api.Infrastructure.csproj", "{BE256870-5CA2-48FA-A749-48BCDC293A9E}"
EndProject
Project("{FAE04EC0-301F-11D3-BF4B-00C04F79EFBC}") = "Blog.Api.UnitTests", "tests\Blog.Api.UnitTests\Blog.Api.UnitTests.csproj", "{90D22366-6DA5-4499-89B3-7931C8CDFE4A}"
EndProject
Project("{FAE04EC0-301F-11D3-BF4B-00C04F79EFBC}") = "Blog.Api.IntegrationTests", "tests\Blog.Api.IntegrationTests\Blog.Api.IntegrationTests.csproj", "{54CCE667-C6B9-46EA-ADC9-4C97A57AE44B}"
EndProject
Global
	GlobalSection(SolutionConfigurationPlatforms) = preSolution
		Debug|Any CPU = Debug|Any CPU
		Debug|x64 = Debug|x64
		Debug|x86 = Debug|x86
		Release|Any CPU = Release|Any CPU
		Release|x64 = Release|x64
		Release|x86 = Release|x86
	EndGlobalSection
	GlobalSection(ProjectConfigurationPlatforms) = postSolution
		{8AFDD4DE-593F-4FF6-94DE-A6FE7470C40B}.Debug|Any CPU.ActiveCfg = Debug|Any CPU
		{8AFDD4DE-593F-4FF6-94DE-A6FE7470C40B}.Debug|Any CPU.Build.0 = Debug|Any CPU
		{8AFDD4DE-593F-4FF6-94DE-A6FE7470C40B}.Debug|x64.ActiveCfg = Debug|Any CPU
		{8AFDD4DE-593F-4FF6-94DE-A6FE7470C40B}.Debug|x64.Build.0 = Debug|Any CPU
		{8AFDD4DE-593F-4FF6-94DE-A6FE7470C40B}.Debug|x86.ActiveCfg = Debug|Any CPU
		{8AFDD4DE-593F-4FF6-94DE-A6FE7470C40B}.Debug|x86.Build.0 = Debug|Any CPU
		{8AFDD4DE-593F-4FF6-94DE-A6FE7470C40B}.Release|Any CPU.ActiveCfg = Release|Any CPU
		{8AFDD4DE-593F-4FF6-94DE-A6FE7470C40B}.Release|Any CPU.Build.0 = Release|Any CPU
		{8AFDD4DE-593F-4FF6-94DE-A6FE7470C40B}.Release|x64.ActiveCfg = Release|Any CPU
		{8AFDD4DE-593F-4FF6-94DE-A6FE7470C40B}.Release|x64.Build.0 = Release|Any CPU
		{8AFDD4DE-593F-4FF6-94DE-A6FE7470C40B}.Release|x86.ActiveCfg = Release|Any CPU
		{8AFDD4DE-593F-4FF6-94DE-A6FE7470C40B}.Release|x86.Build.0 = Release|Any CPU
		{89BDAA22-153D-475D-B1F2-B65CDEABC864}.Debug|Any CPU.ActiveCfg = Debug|Any CPU
		{89BDAA22-153D-475D-B1F2-B65CDEABC864}.Debug|Any CPU.Build.0 = Debug|Any CPU
		{89BDAA22-153D-475D-B1F2-B65CDEABC864}.Debug|x64.ActiveCfg = Debug|Any CPU
		{89BDAA22-153D-475D-B1F2-B65CDEABC864}.Debug|x64.Build.0 = Debug|Any CPU
		{89BDAA22-153D-475D-B1F2-B65CDEABC864}.Debug|x86.ActiveCfg = Debug|Any CPU
		{89BDAA22-153D-475D-B1F2-B65CDEABC864}.Debug|x86.Build.0 = Debug|Any CPU
		{89BDAA22-153D-475D-B1F2-B65CDEABC864}.Release|Any CPU.ActiveCfg = Release|Any CPU
		{89BDAA22-153D-475D-B1F2-B65CDEABC864}.Release|Any CPU.Build.0 = Release|Any CPU
		{89BDAA22-153D-475D-B1F2-B65CDEABC864}.Release|x64.ActiveCfg = Release|Any CPU
		{89BDAA22-153D-475D-B1F2-B65CDEABC864}.Release|x64.Build.0 = Release|Any CPU
		{89BDAA22-153D-475D-B1F2-B65CDEABC864}.Release|x86.ActiveCfg = Release|Any CPU
		{89BDAA22-153D-475D-B1F2-B65CDEABC864}.Release|x86.Build.0 = Release|Any CPU
		{8C98397F-71B5-4546-B4A8-EF29EF7AF5EE}.Debug|Any CPU.ActiveCfg = Debug|Any CPU
		{8C98397F-71B5-4546-B4A8-EF29EF7AF5EE}.Debug|Any CPU.Build.0 = Debug|Any CPU
		{8C98397F-71B5-4546-B4A8-EF29EF7AF5EE}.Debug|x64.ActiveCfg = Debug|Any CPU
		{8C98397F-71B5-4546-B4A8-EF29EF7AF5EE}.Debug|x64.Build.0 = Debug|Any CPU
		{8C98397F-71B5-4546-B4A8-EF29EF7AF5EE}.Debug|x86.ActiveCfg = Debug|Any CPU
		{8C98397F-71B5-4546-B4A8-EF29EF7AF5EE}.Debug|x86.Build.0 = Debug|Any CPU
		{8C98397F-71B5-4546-B4A8-EF29EF7AF5EE}.Release|Any CPU.ActiveCfg = Release|Any CPU
		{8C98397F-71B5-4546-B4A8-EF29EF7AF5EE}.Release|Any CPU.Build.0 = Release|Any CPU
		{8C98397F-71B5-4546-B4A8-EF29EF7AF5EE}.Release|x64.ActiveCfg = Release|Any CPU
		{8C98397F-71B5-4546-B4A8-EF29EF7AF5EE}.Release|x64.Build.0 = Release|Any CPU
		{8C98397F-71B5-4546-B4A8-EF29EF7AF5EE}.Release|x86.ActiveCfg = Release|Any CPU
		{8C98397F-71B5-4546-B4A8-EF29EF7AF5EE}.Release|x86.Build.0 = Release|Any CPU
		{BE256870-5CA2-48FA-A749-48BCDC293A9E}.Debug|Any CPU.ActiveCfg = Debug|Any CPU
		{BE256870-5CA2-48FA-A749-48BCDC293A9E}.Debug|Any CPU.Build.0 = Debug|Any CPU
		{BE256870-5CA2-48FA-A749-48BCDC293A9E}.Debug|x64.ActiveCfg = Debug|Any CPU
		{BE256870-5CA2-48FA-A749-48BCDC293A9E}.Debug|x64.Build.0 = Debug|Any CPU
		{BE256870-5CA2-48FA-A749-48BCDC293A9E}.Debug|x86.ActiveCfg = Debug|Any CPU
		{BE256870-5CA2-48FA-A749-48BCDC293A9E}.Debug|x86.Build.0 = Debug|Any CPU
		{BE256870-5CA2-48FA-A749-48BCDC293A9E}.Release|Any CPU.ActiveCfg = Release|Any CPU
		{BE256870-5CA2-48FA-A749-48BCDC293A9E}.Release|Any CPU.Build.0 = Release|Any CPU
		{BE256870-5CA2-48FA-A749-48BCDC293A9E}.Release|x64.ActiveCfg = Release|Any CPU
		{BE256870-5CA2-48FA-A749-48BCDC293A9E}.Release|x64.Build.0 = Release|Any CPU
		{BE256870-5CA2-48FA-A749-48BCDC293A9E}.Release|x86.ActiveCfg = Release|Any CPU
		{BE256870-5CA2-48FA-A749-48BCDC293A9E}.Release|x86.Build.0 = Release|Any CPU
		{90D22366-6DA5-4499-89B3-7931C8CDFE4A}.Debug|Any CPU.ActiveCfg = Debug|Any CPU
		{90D22366-6DA5-4499-89B3-7931C8CDFE4A}.Debug|Any CPU.Build.0 = Debug|Any CPU
		{90D22366-6DA5-4499-89B3-7931C8CDFE4A}.Debug|x64.ActiveCfg = Debug|Any CPU
		{90D22366-6DA5-4499-89B3-7931C8CDFE4A}.Debug|x64.Build.0 = Debug|Any CPU
		{90D22366-6DA5-4499-89B3-7931C8CDFE4A}.Debug|x86.ActiveCfg = Debug|Any CPU
		{90D22366-6DA5-4499-89B3-7931C8CDFE4A}.Debug|x86.Build.0 = Debug|Any CPU
		{90D22366-6DA5-4499-89B3-7931C8CDFE4A}.Release|Any CPU.ActiveCfg = Release|Any CPU
		{90D22366-6DA5-4499-89B3-7931C8CDFE4A}.Release|Any CPU.Build.0 = Release|Any CPU
		{90D22366-6DA5-4499-89B3-7931C8CDFE4A}.Release|x64.ActiveCfg = Release|Any CPU
		{90D22366-6DA5-4499-89B3-7931C8CDFE4A}.Release|x64.Build.0 = Release|Any CPU
		{90D22366-6DA5-4499-89B3-7931C8CDFE4A}.Release|x86.ActiveCfg = Release|Any CPU
		{90D22366-6DA5-4499-89B3-7931C8CDFE4A}.Release|x86.Build.0 = Release|Any CPU
		{54CCE667-C6B9-46EA-ADC9-4C97A57AE44B}.Debug|Any CPU.ActiveCfg = Debug|Any CPU
		{54CCE667-C6B9-46EA-ADC9-4C97A57AE44B}.Debug|Any CPU.Build.0 = Debug|Any CPU
		{54CCE667-C6B9-46EA-ADC9-4C97A57AE44B}.Debug|x64.ActiveCfg = Debug|Any CPU
		{54CCE667-C6B9-46EA-ADC9-4C97A57AE44B}.Debug|x64.Build.0 = Debug|Any CPU
		{54CCE667-C6B9-46EA-ADC9-4C97A57AE44B}.Debug|x86.ActiveCfg = Debug|Any CPU
		{54CCE667-C6B9-46EA-ADC9-4C97A57AE44B}.Debug|x86.Build.0 = Debug|Any CPU
		{54CCE667-C6B9-46EA-ADC9-4C97A57AE44B}.Release|Any CPU.ActiveCfg = Release|Any CPU
		{54CCE667-C6B9-46EA-ADC9-4C97A57AE44B}.Release|Any CPU.Build.0 = Release|Any CPU
		{54CCE667-C6B9-46EA-ADC9-4C97A57AE44B}.Release|x64.ActiveCfg = Release|Any CPU
		{54CCE667-C6B9-46EA-ADC9-4C97A57AE44B}.Release|x64.Build.0 = Release|Any CPU
		{54CCE667-C6B9-46EA-ADC9-4C97A57AE44B}.Release|x86.ActiveCfg = Release|Any CPU
		{54CCE667-C6B9-46EA-ADC9-4C97A57AE44B}.Release|x86.Build.0 = Release|Any CPU
	EndGlobalSection
	GlobalSection(SolutionProperties) = preSolution
		HideSolutionNode = FALSE
	EndGlobalSection
	GlobalSection(NestedProjects) = preSolution
		{8AFDD4DE-593F-4FF6-94DE-A6FE7470C40B} = {827E0CD3-B72D-47B6-A68D-7590B98EB39B}
		{89BDAA22-153D-475D-B1F2-B65CDEABC864} = {827E0CD3-B72D-47B6-A68D-7590B98EB39B}
		{8C98397F-71B5-4546-B4A8-EF29EF7AF5EE} = {827E0CD3-B72D-47B6-A68D-7590B98EB39B}
		{BE256870-5CA2-48FA-A749-48BCDC293A9E} = {827E0CD3-B72D-47B6-A68D-7590B98EB39B}
		{90D22366-6DA5-4499-89B3-7931C8CDFE4A} = {827E0CD3-B72D-47B6-A68D-7590B98EB39B}
		{54CCE667-C6B9-46EA-ADC9-4C97A57AE44B} = {827E0CD3-B72D-47B6-A68D-7590B98EB39B}
	EndGlobalSection
EndGlobal
